
Microsoft Visual Studio Solution File, Format Version 12.00
# Visual Studio 15
VisualStudioVersion = 15.0.26430.13
MinimumVisualStudioVersion = 10.0.40219.1
Project("{FAE04EC0-301F-11D3-BF4B-00C04F79EFBC}") = "HackAtHomeClient", "HackAtHomeClient\HackAtHomeClient.csproj", "{247173C2-2EE0-4D40-8F5E-6C7A6CF32A71}"
EndProject
Project("{FAE04EC0-301F-11D3-BF4B-00C04F79EFBC}") = "HackAtHome.CustomAdapters", "HackAtHome.CustomAdapters\HackAtHome.CustomAdapters.csproj", "{A51FF5B6-1B87-44AC-BC22-F4C7D0B0275B}"
EndProject
Project("{FAE04EC0-301F-11D3-BF4B-00C04F79EFBC}") = "HackAtHome.Entities", "HackAtHome.Entities\HackAtHome.Entities.csproj", "{758C391D-6A93-4E58-888E-F407C6AD4393}"
EndProject
Project("{FAE04EC0-301F-11D3-BF4B-00C04F79EFBC}") = "HackAtHome.SAL", "HackAtHome.SAL\HackAtHome.SAL.csproj", "{07DBBD8A-F300-4EBE-BDDD-D89CB0C99B36}"
EndProject
Global
	GlobalSection(SolutionConfigurationPlatforms) = preSolution
		Debug|Any CPU = Debug|Any CPU
		Release|Any CPU = Release|Any CPU
	EndGlobalSection
	GlobalSection(ProjectConfigurationPlatforms) = postSolution
		{247173C2-2EE0-4D40-8F5E-6C7A6CF32A71}.Debug|Any CPU.ActiveCfg = Debug|Any CPU
		{247173C2-2EE0-4D40-8F5E-6C7A6CF32A71}.Debug|Any CPU.Build.0 = Debug|Any CPU
		{247173C2-2EE0-4D40-8F5E-6C7A6CF32A71}.Debug|Any CPU.Deploy.0 = Debug|Any CPU
		{247173C2-2EE0-4D40-8F5E-6C7A6CF32A71}.Release|Any CPU.ActiveCfg = Release|Any CPU
		{247173C2-2EE0-4D40-8F5E-6C7A6CF32A71}.Release|Any CPU.Build.0 = Release|Any CPU
		{247173C2-2EE0-4D40-8F5E-6C7A6CF32A71}.Release|Any CPU.Deploy.0 = Release|Any CPU
		{A51FF5B6-1B87-44AC-BC22-F4C7D0B0275B}.Debug|Any CPU.ActiveCfg = Debug|Any CPU
		{A51FF5B6-1B87-44AC-BC22-F4C7D0B0275B}.Debug|Any CPU.Build.0 = Debug|Any CPU
		{A51FF5B6-1B87-44AC-BC22-F4C7D0B0275B}.Release|Any CPU.ActiveCfg = Release|Any CPU
		{A51FF5B6-1B87-44AC-BC22-F4C7D0B0275B}.Release|Any CPU.Build.0 = Release|Any CPU
		{758C391D-6A93-4E58-888E-F407C6AD4393}.Debug|Any CPU.ActiveCfg = Debug|Any CPU
		{758C391D-6A93-4E58-888E-F407C6AD4393}.Debug|Any CPU.Build.0 = Debug|Any CPU
		{758C391D-6A93-4E58-888E-F407C6AD4393}.Release|Any CPU.ActiveCfg = Release|Any CPU
		{758C391D-6A93-4E58-888E-F407C6AD4393}.Release|Any CPU.Build.0 = Release|Any CPU
		{07DBBD8A-F300-4EBE-BDDD-D89CB0C99B36}.Debug|Any CPU.ActiveCfg = Debug|Any CPU
		{07DBBD8A-F300-4EBE-BDDD-D89CB0C99B36}.Debug|Any CPU.Build.0 = Debug|Any CPU
		{07DBBD8A-F300-4EBE-BDDD-D89CB0C99B36}.Release|Any CPU.ActiveCfg = Release|Any CPU
		{07DBBD8A-F300-4EBE-BDDD-D89CB0C99B36}.Release|Any CPU.Build.0 = Release|Any CPU
	EndGlobalSection
	GlobalSection(SolutionProperties) = preSolution
		HideSolutionNode = FALSE
	EndGlobalSection
EndGlobal
